
Microsoft Visual Studio Solution File, Format Version 12.00
# Visual Studio 2012
Project("{FAE04EC0-301F-11D3-BF4B-00C04F79EFBC}") = "APV.Pottle.Common", "Pottle\APV.Pottle.Common\APV.Pottle.Common.csproj", "{3F10F16C-DDF5-4DBE-AC2C-D8C4F9DCFD76}"
EndProject
Project("{FAE04EC0-301F-11D3-BF4B-00C04F79EFBC}") = "APV.Pottle.Core", "Pottle\APV.Pottle.Core\APV.Pottle.Core.csproj", "{6A2A03A1-0249-4F33-9B35-319074387317}"
EndProject
Project("{2150E333-8FDC-42A3-9474-1A3956D46DE8}") = "Tests", "Tests", "{855DC18B-8927-4FA4-8296-C579BCECE0F7}"
EndProject
Project("{FAE04EC0-301F-11D3-BF4B-00C04F79EFBC}") = "APV.Pottle.UI.Web", "Pottle\APV.Pottle.UI.Web\APV.Pottle.UI.Web.csproj", "{B04F45AD-E0C1-461B-8AE9-C022952B9324}"
EndProject
Project("{FAE04EC0-301F-11D3-BF4B-00C04F79EFBC}") = "APV.Pottle.UI.Web.Test", "Pottle\APV.Pottle.UI.Web.Test\APV.Pottle.UI.Web.Test.csproj", "{BF3EACFE-B977-404C-BBBD-6A4B831F32B0}"
EndProject
Project("{FAE04EC0-301F-11D3-BF4B-00C04F79EFBC}") = "APV.Pottle.DatabaseConsoleTest", "Pottle\APV.Pottle.DatabaseConsoleTest\APV.Pottle.DatabaseConsoleTest.csproj", "{EF41CB0B-B23F-4929-9442-E30BBD3BC83A}"
EndProject
Project("{FAE04EC0-301F-11D3-BF4B-00C04F79EFBC}") = "APV.Pottle.UnitTest", "Pottle\APV.Pottle.UnitTest\APV.Pottle.UnitTest.csproj", "{8E8E2914-1953-459F-8F52-B9C907D66DF0}"
EndProject
Project("{FAE04EC0-301F-11D3-BF4B-00C04F79EFBC}") = "APV.Pottle.Toolkit", "Pottle\APV.Pottle.Toolkit\APV.Pottle.Toolkit.csproj", "{5B01518B-B08B-481A-91F0-0EE21154643B}"
EndProject
Project("{2150E333-8FDC-42A3-9474-1A3956D46DE8}") = "Toolkits", "Toolkits", "{8441BF9C-E5B3-42CD-BAE9-E69835AED91F}"
EndProject
Project("{FAE04EC0-301F-11D3-BF4B-00C04F79EFBC}") = "APV.Pottle.Export.ConsoleApplication", "Pottle\APV.Pottle.Export.Console\APV.Pottle.Export.ConsoleApplication.csproj", "{265CCD74-0C8A-42FC-B125-96071475E315}"
EndProject
Project("{FAE04EC0-301F-11D3-BF4B-00C04F79EFBC}") = "APV.Pottle.Toolkits.Lexicon.ConsoleApplication", "Pottle\APV.Pottle.Toolkits.Lexicon.ConsoleApplication\APV.Pottle.Toolkits.Lexicon.ConsoleApplication.csproj", "{B2F14A10-4EA5-48B4-A650-6E32BEFB3C45}"
EndProject
Project("{2150E333-8FDC-42A3-9474-1A3956D46DE8}") = "Info", "Info", "{41DCA4A3-CDC0-482B-9438-87A499435A24}"
	ProjectSection(SolutionItems) = preProject
		..\Data\Pottle\Info\Info.txt = ..\Data\Pottle\Info\Info.txt
		..\Data\Pottle\Info\Plans.txt = ..\Data\Pottle\Info\Plans.txt
	EndProjectSection
EndProject
Project("{FAE04EC0-301F-11D3-BF4B-00C04F79EFBC}") = "APV.Pottle.WebParsers", "Pottle\APV.Pottle.WebParsers\APV.Pottle.WebParsers.csproj", "{9A902BA1-44B6-44B5-8704-A608F280084B}"
EndProject
Project("{2150E333-8FDC-42A3-9474-1A3956D46DE8}") = "Avtoliga", "Avtoliga", "{25DCF884-5924-491D-8FA8-8DB8311B37FC}"
EndProject
Project("{FAE04EC0-301F-11D3-BF4B-00C04F79EFBC}") = "APV.Avtoliga.Common", "Avtoliga\APV.Avtoliga.Common\APV.Avtoliga.Common.csproj", "{451EC549-9D6A-4286-9616-E99038377099}"
EndProject
Project("{FAE04EC0-301F-11D3-BF4B-00C04F79EFBC}") = "APV.Avtoliga.Core", "Avtoliga\APV.Avtoliga.Core\APV.Avtoliga.Core.csproj", "{0512C845-A522-4BF8-BE03-9589DBE3BFEE}"
EndProject
Project("{2150E333-8FDC-42A3-9474-1A3956D46DE8}") = "APV", "APV", "{337CB6B5-52E0-4F1C-A58A-7E726C4CB49D}"
EndProject
Project("{FAE04EC0-301F-11D3-BF4B-00C04F79EFBC}") = "APV.Common", "APV\APV.Common\APV.Common.csproj", "{464E5897-E88C-4AA9-8B53-58F40D659158}"
EndProject
Project("{FAE04EC0-301F-11D3-BF4B-00C04F79EFBC}") = "APV.EntityFramework", "APV\APV.EntityFramework\APV.EntityFramework.csproj", "{2E0F252F-FADA-4D3D-99B8-67742DD1365A}"
EndProject
Project("{2150E333-8FDC-42A3-9474-1A3956D46DE8}") = "Tests", "Tests", "{3E77F4FD-8F2F-4D68-A3F1-98C7962CD637}"
EndProject
Project("{FAE04EC0-301F-11D3-BF4B-00C04F79EFBC}") = "APV.Avtoliga.UnitTest", "Avtoliga\APV.Avtoliga.UnitTest\APV.Avtoliga.UnitTest.csproj", "{BD08037A-3713-41E9-92E1-B4032F844B0D}"
EndProject
Project("{2150E333-8FDC-42A3-9474-1A3956D46DE8}") = "Toolkits", "Toolkits", "{FAEF4612-0B5F-43BE-8D4D-49D5B5C2319D}"
EndProject
Project("{FAE04EC0-301F-11D3-BF4B-00C04F79EFBC}") = "APV.Avtoliga.Export.ConsoleApplication", "Avtoliga\APV.Avtoliga.Export.ConsoleApplication\APV.Avtoliga.Export.ConsoleApplication.csproj", "{1B82A4B1-35BB-4601-BA3F-3EBD590C5B21}"
EndProject
Project("{FAE04EC0-301F-11D3-BF4B-00C04F79EFBC}") = "APV.Avtoliga.UI.Web", "Avtoliga\APV.Avtoliga.UI.Web\APV.Avtoliga.UI.Web.csproj", "{6926D85C-399E-4873-AF80-9CD53CC23775}"
EndProject
Project("{FAE04EC0-301F-11D3-BF4B-00C04F79EFBC}") = "APV.DatabaseAccess", "APV\APV.DatabaseAccess\APV.DatabaseAccess.csproj", "{6551ECA7-2245-4817-BD33-5134509A2799}"
EndProject
Project("{2150E333-8FDC-42A3-9474-1A3956D46DE8}") = "TransControl", "TransControl", "{EE9CA01C-7C63-4797-B819-0CDE83F4ED4F}"
EndProject
Project("{2150E333-8FDC-42A3-9474-1A3956D46DE8}") = "Tests", "Tests", "{91CA96F3-CC99-49F9-8A4A-AF24359DFB60}"
EndProject
Project("{2150E333-8FDC-42A3-9474-1A3956D46DE8}") = "Toolkits", "Toolkits", "{D3716606-BF1D-4DBA-804A-6BFB9EBD35E7}"
EndProject
Project("{FAE04EC0-301F-11D3-BF4B-00C04F79EFBC}") = "APV.TransControl.Test.ConsoleApplication", "TransControl\APV.TransControl.Test.ConsoleApplication\APV.TransControl.Test.ConsoleApplication.csproj", "{5FFEDB00-77C6-4F2D-B32B-E653E75B89AE}"
EndProject
Project("{FAE04EC0-301F-11D3-BF4B-00C04F79EFBC}") = "APV.TransControl.Common", "TransControl\APV.TransControl.Common\APV.TransControl.Common.csproj", "{EB280066-F001-4655-9C80-AC026B6766C8}"
EndProject
Project("{FAE04EC0-301F-11D3-BF4B-00C04F79EFBC}") = "APV.TransControl.Core", "TransControl\APV.TransControl.Core\APV.TransControl.Core.csproj", "{5EFAA1DC-1393-4B6F-9ABD-1CF2D314554E}"
EndProject
Project("{FAE04EC0-301F-11D3-BF4B-00C04F79EFBC}") = "APV.TransControl.FuelViewer", "TransControl\APV.TransControl.FuelViewer\APV.TransControl.FuelViewer.csproj", "{011D6B59-4A10-4E90-BDE9-E73A04CC4F9E}"
EndProject
Project("{2150E333-8FDC-42A3-9474-1A3956D46DE8}") = "Math", "Math", "{AA22C008-4F45-4F21-BDC3-E9EF90470681}"
EndProject
Project("{FAE04EC0-301F-11D3-BF4B-00C04F79EFBC}") = "APV.Math.Diagrams", "APV\APV.Math.Diagrams\APV.Math.Diagrams.csproj", "{E8CED6CF-3455-4AB1-A3B2-1BEB3A7EB8E1}"
EndProject
Project("{FAE04EC0-301F-11D3-BF4B-00C04F79EFBC}") = "APV.TransControl.ExportReport", "TransControl\APV.TransControl.ExportReport\APV.TransControl.ExportReport.csproj", "{CC53C147-1A3A-47A5-A062-043F1448B689}"
EndProject
Project("{FAE04EC0-301F-11D3-BF4B-00C04F79EFBC}") = "APV.TransControl.UnitTest", "TransControl\APV.TransControl.UnitTest\APV.TransControl.UnitTest.csproj", "{46CC5B3F-5B07-4EA5-AE99-8723647F35C6}"
EndProject
Project("{2150E333-8FDC-42A3-9474-1A3956D46DE8}") = "Pottle", "Pottle", "{EC7FB37C-7D93-4A5C-84A6-099F7C47B879}"
EndProject
Project("{FAE04EC0-301F-11D3-BF4B-00C04F79EFBC}") = "APV.Math", "APV\APV.Math\APV.Math.csproj", "{FFD8AD88-A8F6-4D5E-AB02-CEEDC66DA60D}"
EndProject
Project("{2150E333-8FDC-42A3-9474-1A3956D46DE8}") = "Tests", "Tests", "{9B37D612-DFBF-4BDD-8AD4-CEA359C23EBA}"
EndProject
Project("{FAE04EC0-301F-11D3-BF4B-00C04F79EFBC}") = "APV.Math.Tests.ConsoleTest", "APV\APV.Math.Tests.ConsoleTest\APV.Math.Tests.ConsoleTest.csproj", "{D40BE9C6-EA8B-4E11-97DD-C981EE2E73AA}"
EndProject
Global
	GlobalSection(SolutionConfigurationPlatforms) = preSolution
		Debug|Any CPU = Debug|Any CPU
		Debug|Mixed Platforms = Debug|Mixed Platforms
		Debug|x86 = Debug|x86
		Release|Any CPU = Release|Any CPU
		Release|Mixed Platforms = Release|Mixed Platforms
		Release|x86 = Release|x86
	EndGlobalSection
	GlobalSection(ProjectConfigurationPlatforms) = postSolution
		{3F10F16C-DDF5-4DBE-AC2C-D8C4F9DCFD76}.Debug|Any CPU.ActiveCfg = Debug|Any CPU
		{3F10F16C-DDF5-4DBE-AC2C-D8C4F9DCFD76}.Debug|Any CPU.Build.0 = Debug|Any CPU
		{3F10F16C-DDF5-4DBE-AC2C-D8C4F9DCFD76}.Debug|Mixed Platforms.ActiveCfg = Debug|Any CPU
		{3F10F16C-DDF5-4DBE-AC2C-D8C4F9DCFD76}.Debug|Mixed Platforms.Build.0 = Debug|Any CPU
		{3F10F16C-DDF5-4DBE-AC2C-D8C4F9DCFD76}.Debug|x86.ActiveCfg = Debug|Any CPU
		{3F10F16C-DDF5-4DBE-AC2C-D8C4F9DCFD76}.Release|Any CPU.ActiveCfg = Release|Any CPU
		{3F10F16C-DDF5-4DBE-AC2C-D8C4F9DCFD76}.Release|Any CPU.Build.0 = Release|Any CPU
		{3F10F16C-DDF5-4DBE-AC2C-D8C4F9DCFD76}.Release|Mixed Platforms.ActiveCfg = Release|Any CPU
		{3F10F16C-DDF5-4DBE-AC2C-D8C4F9DCFD76}.Release|Mixed Platforms.Build.0 = Release|Any CPU
		{3F10F16C-DDF5-4DBE-AC2C-D8C4F9DCFD76}.Release|x86.ActiveCfg = Release|Any CPU
		{6A2A03A1-0249-4F33-9B35-319074387317}.Debug|Any CPU.ActiveCfg = Debug|Any CPU
		{6A2A03A1-0249-4F33-9B35-319074387317}.Debug|Any CPU.Build.0 = Debug|Any CPU
		{6A2A03A1-0249-4F33-9B35-319074387317}.Debug|Mixed Platforms.ActiveCfg = Debug|Any CPU
		{6A2A03A1-0249-4F33-9B35-319074387317}.Debug|Mixed Platforms.Build.0 = Debug|Any CPU
		{6A2A03A1-0249-4F33-9B35-319074387317}.Debug|x86.ActiveCfg = Debug|Any CPU
		{6A2A03A1-0249-4F33-9B35-319074387317}.Release|Any CPU.ActiveCfg = Release|Any CPU
		{6A2A03A1-0249-4F33-9B35-319074387317}.Release|Any CPU.Build.0 = Release|Any CPU
		{6A2A03A1-0249-4F33-9B35-319074387317}.Release|Mixed Platforms.ActiveCfg = Release|Any CPU
		{6A2A03A1-0249-4F33-9B35-319074387317}.Release|Mixed Platforms.Build.0 = Release|Any CPU
		{6A2A03A1-0249-4F33-9B35-319074387317}.Release|x86.ActiveCfg = Release|Any CPU
		{B04F45AD-E0C1-461B-8AE9-C022952B9324}.Debug|Any CPU.ActiveCfg = Debug|Any CPU
		{B04F45AD-E0C1-461B-8AE9-C022952B9324}.Debug|Any CPU.Build.0 = Debug|Any CPU
		{B04F45AD-E0C1-461B-8AE9-C022952B9324}.Debug|Mixed Platforms.ActiveCfg = Debug|Any CPU
		{B04F45AD-E0C1-461B-8AE9-C022952B9324}.Debug|Mixed Platforms.Build.0 = Debug|Any CPU
		{B04F45AD-E0C1-461B-8AE9-C022952B9324}.Debug|x86.ActiveCfg = Debug|Any CPU
		{B04F45AD-E0C1-461B-8AE9-C022952B9324}.Release|Any CPU.ActiveCfg = Release|Any CPU
		{B04F45AD-E0C1-461B-8AE9-C022952B9324}.Release|Any CPU.Build.0 = Release|Any CPU
		{B04F45AD-E0C1-461B-8AE9-C022952B9324}.Release|Mixed Platforms.ActiveCfg = Release|Any CPU
		{B04F45AD-E0C1-461B-8AE9-C022952B9324}.Release|Mixed Platforms.Build.0 = Release|Any CPU
		{B04F45AD-E0C1-461B-8AE9-C022952B9324}.Release|x86.ActiveCfg = Release|Any CPU
		{BF3EACFE-B977-404C-BBBD-6A4B831F32B0}.Debug|Any CPU.ActiveCfg = Debug|Any CPU
		{BF3EACFE-B977-404C-BBBD-6A4B831F32B0}.Debug|Any CPU.Build.0 = Debug|Any CPU
		{BF3EACFE-B977-404C-BBBD-6A4B831F32B0}.Debug|Mixed Platforms.ActiveCfg = Debug|Any CPU
		{BF3EACFE-B977-404C-BBBD-6A4B831F32B0}.Debug|Mixed Platforms.Build.0 = Debug|Any CPU
		{BF3EACFE-B977-404C-BBBD-6A4B831F32B0}.Debug|x86.ActiveCfg = Debug|Any CPU
		{BF3EACFE-B977-404C-BBBD-6A4B831F32B0}.Release|Any CPU.ActiveCfg = Release|Any CPU
		{BF3EACFE-B977-404C-BBBD-6A4B831F32B0}.Release|Any CPU.Build.0 = Release|Any CPU
		{BF3EACFE-B977-404C-BBBD-6A4B831F32B0}.Release|Mixed Platforms.ActiveCfg = Release|Any CPU
		{BF3EACFE-B977-404C-BBBD-6A4B831F32B0}.Release|Mixed Platforms.Build.0 = Release|Any CPU
		{BF3EACFE-B977-404C-BBBD-6A4B831F32B0}.Release|x86.ActiveCfg = Release|Any CPU
		{EF41CB0B-B23F-4929-9442-E30BBD3BC83A}.Debug|Any CPU.ActiveCfg = Debug|Any CPU
		{EF41CB0B-B23F-4929-9442-E30BBD3BC83A}.Debug|Any CPU.Build.0 = Debug|Any CPU
		{EF41CB0B-B23F-4929-9442-E30BBD3BC83A}.Debug|Mixed Platforms.ActiveCfg = Debug|Any CPU
		{EF41CB0B-B23F-4929-9442-E30BBD3BC83A}.Debug|Mixed Platforms.Build.0 = Debug|Any CPU
		{EF41CB0B-B23F-4929-9442-E30BBD3BC83A}.Debug|x86.ActiveCfg = Debug|Any CPU
		{EF41CB0B-B23F-4929-9442-E30BBD3BC83A}.Release|Any CPU.ActiveCfg = Release|Any CPU
		{EF41CB0B-B23F-4929-9442-E30BBD3BC83A}.Release|Any CPU.Build.0 = Release|Any CPU
		{EF41CB0B-B23F-4929-9442-E30BBD3BC83A}.Release|Mixed Platforms.ActiveCfg = Release|Any CPU
		{EF41CB0B-B23F-4929-9442-E30BBD3BC83A}.Release|Mixed Platforms.Build.0 = Release|Any CPU
		{EF41CB0B-B23F-4929-9442-E30BBD3BC83A}.Release|x86.ActiveCfg = Release|Any CPU
		{8E8E2914-1953-459F-8F52-B9C907D66DF0}.Debug|Any CPU.ActiveCfg = Debug|Any CPU
		{8E8E2914-1953-459F-8F52-B9C907D66DF0}.Debug|Any CPU.Build.0 = Debug|Any CPU
		{8E8E2914-1953-459F-8F52-B9C907D66DF0}.Debug|Mixed Platforms.ActiveCfg = Debug|Any CPU
		{8E8E2914-1953-459F-8F52-B9C907D66DF0}.Debug|Mixed Platforms.Build.0 = Debug|Any CPU
		{8E8E2914-1953-459F-8F52-B9C907D66DF0}.Debug|x86.ActiveCfg = Debug|Any CPU
		{8E8E2914-1953-459F-8F52-B9C907D66DF0}.Release|Any CPU.ActiveCfg = Release|Any CPU
		{8E8E2914-1953-459F-8F52-B9C907D66DF0}.Release|Any CPU.Build.0 = Release|Any CPU
		{8E8E2914-1953-459F-8F52-B9C907D66DF0}.Release|Mixed Platforms.ActiveCfg = Release|Any CPU
		{8E8E2914-1953-459F-8F52-B9C907D66DF0}.Release|Mixed Platforms.Build.0 = Release|Any CPU
		{8E8E2914-1953-459F-8F52-B9C907D66DF0}.Release|x86.ActiveCfg = Release|Any CPU
		{5B01518B-B08B-481A-91F0-0EE21154643B}.Debug|Any CPU.ActiveCfg = Debug|Any CPU
		{5B01518B-B08B-481A-91F0-0EE21154643B}.Debug|Any CPU.Build.0 = Debug|Any CPU
		{5B01518B-B08B-481A-91F0-0EE21154643B}.Debug|Mixed Platforms.ActiveCfg = Debug|Any CPU
		{5B01518B-B08B-481A-91F0-0EE21154643B}.Debug|Mixed Platforms.Build.0 = Debug|Any CPU
		{5B01518B-B08B-481A-91F0-0EE21154643B}.Debug|x86.ActiveCfg = Debug|Any CPU
		{5B01518B-B08B-481A-91F0-0EE21154643B}.Release|Any CPU.ActiveCfg = Release|Any CPU
		{5B01518B-B08B-481A-91F0-0EE21154643B}.Release|Any CPU.Build.0 = Release|Any CPU
		{5B01518B-B08B-481A-91F0-0EE21154643B}.Release|Mixed Platforms.ActiveCfg = Release|Any CPU
		{5B01518B-B08B-481A-91F0-0EE21154643B}.Release|Mixed Platforms.Build.0 = Release|Any CPU
		{5B01518B-B08B-481A-91F0-0EE21154643B}.Release|x86.ActiveCfg = Release|Any CPU
		{265CCD74-0C8A-42FC-B125-96071475E315}.Debug|Any CPU.ActiveCfg = Debug|Any CPU
		{265CCD74-0C8A-42FC-B125-96071475E315}.Debug|Any CPU.Build.0 = Debug|Any CPU
		{265CCD74-0C8A-42FC-B125-96071475E315}.Debug|Mixed Platforms.ActiveCfg = Debug|Any CPU
		{265CCD74-0C8A-42FC-B125-96071475E315}.Debug|Mixed Platforms.Build.0 = Debug|Any CPU
		{265CCD74-0C8A-42FC-B125-96071475E315}.Debug|x86.ActiveCfg = Debug|Any CPU
		{265CCD74-0C8A-42FC-B125-96071475E315}.Release|Any CPU.ActiveCfg = Release|Any CPU
		{265CCD74-0C8A-42FC-B125-96071475E315}.Release|Any CPU.Build.0 = Release|Any CPU
		{265CCD74-0C8A-42FC-B125-96071475E315}.Release|Mixed Platforms.ActiveCfg = Release|Any CPU
		{265CCD74-0C8A-42FC-B125-96071475E315}.Release|Mixed Platforms.Build.0 = Release|Any CPU
		{265CCD74-0C8A-42FC-B125-96071475E315}.Release|x86.ActiveCfg = Release|Any CPU
		{B2F14A10-4EA5-48B4-A650-6E32BEFB3C45}.Debug|Any CPU.ActiveCfg = Debug|Any CPU
		{B2F14A10-4EA5-48B4-A650-6E32BEFB3C45}.Debug|Any CPU.Build.0 = Debug|Any CPU
		{B2F14A10-4EA5-48B4-A650-6E32BEFB3C45}.Debug|Mixed Platforms.ActiveCfg = Debug|Any CPU
		{B2F14A10-4EA5-48B4-A650-6E32BEFB3C45}.Debug|Mixed Platforms.Build.0 = Debug|Any CPU
		{B2F14A10-4EA5-48B4-A650-6E32BEFB3C45}.Debug|x86.ActiveCfg = Debug|Any CPU
		{B2F14A10-4EA5-48B4-A650-6E32BEFB3C45}.Release|Any CPU.ActiveCfg = Release|Any CPU
		{B2F14A10-4EA5-48B4-A650-6E32BEFB3C45}.Release|Any CPU.Build.0 = Release|Any CPU
		{B2F14A10-4EA5-48B4-A650-6E32BEFB3C45}.Release|Mixed Platforms.ActiveCfg = Release|Any CPU
		{B2F14A10-4EA5-48B4-A650-6E32BEFB3C45}.Release|Mixed Platforms.Build.0 = Release|Any CPU
		{B2F14A10-4EA5-48B4-A650-6E32BEFB3C45}.Release|x86.ActiveCfg = Release|Any CPU
		{9A902BA1-44B6-44B5-8704-A608F280084B}.Debug|Any CPU.ActiveCfg = Debug|Any CPU
		{9A902BA1-44B6-44B5-8704-A608F280084B}.Debug|Any CPU.Build.0 = Debug|Any CPU
		{9A902BA1-44B6-44B5-8704-A608F280084B}.Debug|Mixed Platforms.ActiveCfg = Debug|Any CPU
		{9A902BA1-44B6-44B5-8704-A608F280084B}.Debug|Mixed Platforms.Build.0 = Debug|Any CPU
		{9A902BA1-44B6-44B5-8704-A608F280084B}.Debug|x86.ActiveCfg = Debug|Any CPU
		{9A902BA1-44B6-44B5-8704-A608F280084B}.Release|Any CPU.ActiveCfg = Release|Any CPU
		{9A902BA1-44B6-44B5-8704-A608F280084B}.Release|Any CPU.Build.0 = Release|Any CPU
		{9A902BA1-44B6-44B5-8704-A608F280084B}.Release|Mixed Platforms.ActiveCfg = Release|Any CPU
		{9A902BA1-44B6-44B5-8704-A608F280084B}.Release|Mixed Platforms.Build.0 = Release|Any CPU
		{9A902BA1-44B6-44B5-8704-A608F280084B}.Release|x86.ActiveCfg = Release|Any CPU
		{451EC549-9D6A-4286-9616-E99038377099}.Debug|Any CPU.ActiveCfg = Debug|Any CPU
		{451EC549-9D6A-4286-9616-E99038377099}.Debug|Any CPU.Build.0 = Debug|Any CPU
		{451EC549-9D6A-4286-9616-E99038377099}.Debug|Mixed Platforms.ActiveCfg = Debug|Any CPU
		{451EC549-9D6A-4286-9616-E99038377099}.Debug|Mixed Platforms.Build.0 = Debug|Any CPU
		{451EC549-9D6A-4286-9616-E99038377099}.Debug|x86.ActiveCfg = Debug|Any CPU
		{451EC549-9D6A-4286-9616-E99038377099}.Release|Any CPU.ActiveCfg = Release|Any CPU
		{451EC549-9D6A-4286-9616-E99038377099}.Release|Any CPU.Build.0 = Release|Any CPU
		{451EC549-9D6A-4286-9616-E99038377099}.Release|Mixed Platforms.ActiveCfg = Release|Any CPU
		{451EC549-9D6A-4286-9616-E99038377099}.Release|Mixed Platforms.Build.0 = Release|Any CPU
		{451EC549-9D6A-4286-9616-E99038377099}.Release|x86.ActiveCfg = Release|Any CPU
		{0512C845-A522-4BF8-BE03-9589DBE3BFEE}.Debug|Any CPU.ActiveCfg = Debug|Any CPU
		{0512C845-A522-4BF8-BE03-9589DBE3BFEE}.Debug|Any CPU.Build.0 = Debug|Any CPU
		{0512C845-A522-4BF8-BE03-9589DBE3BFEE}.Debug|Mixed Platforms.ActiveCfg = Debug|Any CPU
		{0512C845-A522-4BF8-BE03-9589DBE3BFEE}.Debug|Mixed Platforms.Build.0 = Debug|Any CPU
		{0512C845-A522-4BF8-BE03-9589DBE3BFEE}.Debug|x86.ActiveCfg = Debug|Any CPU
		{0512C845-A522-4BF8-BE03-9589DBE3BFEE}.Release|Any CPU.ActiveCfg = Release|Any CPU
		{0512C845-A522-4BF8-BE03-9589DBE3BFEE}.Release|Any CPU.Build.0 = Release|Any CPU
		{0512C845-A522-4BF8-BE03-9589DBE3BFEE}.Release|Mixed Platforms.ActiveCfg = Release|Any CPU
		{0512C845-A522-4BF8-BE03-9589DBE3BFEE}.Release|Mixed Platforms.Build.0 = Release|Any CPU
		{0512C845-A522-4BF8-BE03-9589DBE3BFEE}.Release|x86.ActiveCfg = Release|Any CPU
		{464E5897-E88C-4AA9-8B53-58F40D659158}.Debug|Any CPU.ActiveCfg = Debug|Any CPU
		{464E5897-E88C-4AA9-8B53-58F40D659158}.Debug|Any CPU.Build.0 = Debug|Any CPU
		{464E5897-E88C-4AA9-8B53-58F40D659158}.Debug|Mixed Platforms.ActiveCfg = Debug|Any CPU
		{464E5897-E88C-4AA9-8B53-58F40D659158}.Debug|Mixed Platforms.Build.0 = Debug|Any CPU
		{464E5897-E88C-4AA9-8B53-58F40D659158}.Debug|x86.ActiveCfg = Debug|Any CPU
		{464E5897-E88C-4AA9-8B53-58F40D659158}.Release|Any CPU.ActiveCfg = Release|Any CPU
		{464E5897-E88C-4AA9-8B53-58F40D659158}.Release|Any CPU.Build.0 = Release|Any CPU
		{464E5897-E88C-4AA9-8B53-58F40D659158}.Release|Mixed Platforms.ActiveCfg = Release|Any CPU
		{464E5897-E88C-4AA9-8B53-58F40D659158}.Release|Mixed Platforms.Build.0 = Release|Any CPU
		{464E5897-E88C-4AA9-8B53-58F40D659158}.Release|x86.ActiveCfg = Release|Any CPU
		{2E0F252F-FADA-4D3D-99B8-67742DD1365A}.Debug|Any CPU.ActiveCfg = Debug|Any CPU
		{2E0F252F-FADA-4D3D-99B8-67742DD1365A}.Debug|Any CPU.Build.0 = Debug|Any CPU
		{2E0F252F-FADA-4D3D-99B8-67742DD1365A}.Debug|Mixed Platforms.ActiveCfg = Debug|Any CPU
		{2E0F252F-FADA-4D3D-99B8-67742DD1365A}.Debug|Mixed Platforms.Build.0 = Debug|Any CPU
		{2E0F252F-FADA-4D3D-99B8-67742DD1365A}.Debug|x86.ActiveCfg = Debug|Any CPU
		{2E0F252F-FADA-4D3D-99B8-67742DD1365A}.Release|Any CPU.ActiveCfg = Release|Any CPU
		{2E0F252F-FADA-4D3D-99B8-67742DD1365A}.Release|Any CPU.Build.0 = Release|Any CPU
		{2E0F252F-FADA-4D3D-99B8-67742DD1365A}.Release|Mixed Platforms.ActiveCfg = Release|Any CPU
		{2E0F252F-FADA-4D3D-99B8-67742DD1365A}.Release|Mixed Platforms.Build.0 = Release|Any CPU
		{2E0F252F-FADA-4D3D-99B8-67742DD1365A}.Release|x86.ActiveCfg = Release|Any CPU
		{BD08037A-3713-41E9-92E1-B4032F844B0D}.Debug|Any CPU.ActiveCfg = Debug|Any CPU
		{BD08037A-3713-41E9-92E1-B4032F844B0D}.Debug|Any CPU.Build.0 = Debug|Any CPU
		{BD08037A-3713-41E9-92E1-B4032F844B0D}.Debug|Mixed Platforms.ActiveCfg = Debug|Any CPU
		{BD08037A-3713-41E9-92E1-B4032F844B0D}.Debug|Mixed Platforms.Build.0 = Debug|Any CPU
		{BD08037A-3713-41E9-92E1-B4032F844B0D}.Debug|x86.ActiveCfg = Debug|Any CPU
		{BD08037A-3713-41E9-92E1-B4032F844B0D}.Release|Any CPU.ActiveCfg = Release|Any CPU
		{BD08037A-3713-41E9-92E1-B4032F844B0D}.Release|Any CPU.Build.0 = Release|Any CPU
		{BD08037A-3713-41E9-92E1-B4032F844B0D}.Release|Mixed Platforms.ActiveCfg = Release|Any CPU
		{BD08037A-3713-41E9-92E1-B4032F844B0D}.Release|Mixed Platforms.Build.0 = Release|Any CPU
		{BD08037A-3713-41E9-92E1-B4032F844B0D}.Release|x86.ActiveCfg = Release|Any CPU
		{1B82A4B1-35BB-4601-BA3F-3EBD590C5B21}.Debug|Any CPU.ActiveCfg = Debug|Any CPU
		{1B82A4B1-35BB-4601-BA3F-3EBD590C5B21}.Debug|Any CPU.Build.0 = Debug|Any CPU
		{1B82A4B1-35BB-4601-BA3F-3EBD590C5B21}.Debug|Mixed Platforms.ActiveCfg = Debug|Any CPU
		{1B82A4B1-35BB-4601-BA3F-3EBD590C5B21}.Debug|Mixed Platforms.Build.0 = Debug|Any CPU
		{1B82A4B1-35BB-4601-BA3F-3EBD590C5B21}.Debug|x86.ActiveCfg = Debug|Any CPU
		{1B82A4B1-35BB-4601-BA3F-3EBD590C5B21}.Release|Any CPU.ActiveCfg = Release|Any CPU
		{1B82A4B1-35BB-4601-BA3F-3EBD590C5B21}.Release|Any CPU.Build.0 = Release|Any CPU
		{1B82A4B1-35BB-4601-BA3F-3EBD590C5B21}.Release|Mixed Platforms.ActiveCfg = Release|Any CPU
		{1B82A4B1-35BB-4601-BA3F-3EBD590C5B21}.Release|Mixed Platforms.Build.0 = Release|Any CPU
		{1B82A4B1-35BB-4601-BA3F-3EBD590C5B21}.Release|x86.ActiveCfg = Release|Any CPU
		{6926D85C-399E-4873-AF80-9CD53CC23775}.Debug|Any CPU.ActiveCfg = Debug|Any CPU
		{6926D85C-399E-4873-AF80-9CD53CC23775}.Debug|Any CPU.Build.0 = Debug|Any CPU
		{6926D85C-399E-4873-AF80-9CD53CC23775}.Debug|Mixed Platforms.ActiveCfg = Debug|Any CPU
		{6926D85C-399E-4873-AF80-9CD53CC23775}.Debug|Mixed Platforms.Build.0 = Debug|Any CPU
		{6926D85C-399E-4873-AF80-9CD53CC23775}.Debug|x86.ActiveCfg = Debug|Any CPU
		{6926D85C-399E-4873-AF80-9CD53CC23775}.Release|Any CPU.ActiveCfg = Release|Any CPU
		{6926D85C-399E-4873-AF80-9CD53CC23775}.Release|Any CPU.Build.0 = Release|Any CPU
		{6926D85C-399E-4873-AF80-9CD53CC23775}.Release|Mixed Platforms.ActiveCfg = Release|Any CPU
		{6926D85C-399E-4873-AF80-9CD53CC23775}.Release|Mixed Platforms.Build.0 = Release|Any CPU
		{6926D85C-399E-4873-AF80-9CD53CC23775}.Release|x86.ActiveCfg = Release|Any CPU
		{6551ECA7-2245-4817-BD33-5134509A2799}.Debug|Any CPU.ActiveCfg = Debug|Any CPU
		{6551ECA7-2245-4817-BD33-5134509A2799}.Debug|Any CPU.Build.0 = Debug|Any CPU
		{6551ECA7-2245-4817-BD33-5134509A2799}.Debug|Mixed Platforms.ActiveCfg = Debug|Any CPU
		{6551ECA7-2245-4817-BD33-5134509A2799}.Debug|Mixed Platforms.Build.0 = Debug|Any CPU
		{6551ECA7-2245-4817-BD33-5134509A2799}.Debug|x86.ActiveCfg = Debug|Any CPU
		{6551ECA7-2245-4817-BD33-5134509A2799}.Release|Any CPU.ActiveCfg = Release|Any CPU
		{6551ECA7-2245-4817-BD33-5134509A2799}.Release|Any CPU.Build.0 = Release|Any CPU
		{6551ECA7-2245-4817-BD33-5134509A2799}.Release|Mixed Platforms.ActiveCfg = Release|Any CPU
		{6551ECA7-2245-4817-BD33-5134509A2799}.Release|Mixed Platforms.Build.0 = Release|Any CPU
		{6551ECA7-2245-4817-BD33-5134509A2799}.Release|x86.ActiveCfg = Release|Any CPU
		{5FFEDB00-77C6-4F2D-B32B-E653E75B89AE}.Debug|Any CPU.ActiveCfg = Debug|Any CPU
		{5FFEDB00-77C6-4F2D-B32B-E653E75B89AE}.Debug|Any CPU.Build.0 = Debug|Any CPU
		{5FFEDB00-77C6-4F2D-B32B-E653E75B89AE}.Debug|Mixed Platforms.ActiveCfg = Debug|Any CPU
		{5FFEDB00-77C6-4F2D-B32B-E653E75B89AE}.Debug|Mixed Platforms.Build.0 = Debug|Any CPU
		{5FFEDB00-77C6-4F2D-B32B-E653E75B89AE}.Debug|x86.ActiveCfg = Debug|Any CPU
		{5FFEDB00-77C6-4F2D-B32B-E653E75B89AE}.Release|Any CPU.ActiveCfg = Release|Any CPU
		{5FFEDB00-77C6-4F2D-B32B-E653E75B89AE}.Release|Any CPU.Build.0 = Release|Any CPU
		{5FFEDB00-77C6-4F2D-B32B-E653E75B89AE}.Release|Mixed Platforms.ActiveCfg = Release|Any CPU
		{5FFEDB00-77C6-4F2D-B32B-E653E75B89AE}.Release|Mixed Platforms.Build.0 = Release|Any CPU
		{5FFEDB00-77C6-4F2D-B32B-E653E75B89AE}.Release|x86.ActiveCfg = Release|Any CPU
		{EB280066-F001-4655-9C80-AC026B6766C8}.Debug|Any CPU.ActiveCfg = Debug|Any CPU
		{EB280066-F001-4655-9C80-AC026B6766C8}.Debug|Any CPU.Build.0 = Debug|Any CPU
		{EB280066-F001-4655-9C80-AC026B6766C8}.Debug|Mixed Platforms.ActiveCfg = Debug|Any CPU
		{EB280066-F001-4655-9C80-AC026B6766C8}.Debug|Mixed Platforms.Build.0 = Debug|Any CPU
		{EB280066-F001-4655-9C80-AC026B6766C8}.Debug|x86.ActiveCfg = Debug|Any CPU
		{EB280066-F001-4655-9C80-AC026B6766C8}.Release|Any CPU.ActiveCfg = Release|Any CPU
		{EB280066-F001-4655-9C80-AC026B6766C8}.Release|Any CPU.Build.0 = Release|Any CPU
		{EB280066-F001-4655-9C80-AC026B6766C8}.Release|Mixed Platforms.ActiveCfg = Release|Any CPU
		{EB280066-F001-4655-9C80-AC026B6766C8}.Release|Mixed Platforms.Build.0 = Release|Any CPU
		{EB280066-F001-4655-9C80-AC026B6766C8}.Release|x86.ActiveCfg = Release|Any CPU
		{5EFAA1DC-1393-4B6F-9ABD-1CF2D314554E}.Debug|Any CPU.ActiveCfg = Debug|Any CPU
		{5EFAA1DC-1393-4B6F-9ABD-1CF2D314554E}.Debug|Any CPU.Build.0 = Debug|Any CPU
		{5EFAA1DC-1393-4B6F-9ABD-1CF2D314554E}.Debug|Mixed Platforms.ActiveCfg = Debug|Any CPU
		{5EFAA1DC-1393-4B6F-9ABD-1CF2D314554E}.Debug|Mixed Platforms.Build.0 = Debug|Any CPU
		{5EFAA1DC-1393-4B6F-9ABD-1CF2D314554E}.Debug|x86.ActiveCfg = Debug|Any CPU
		{5EFAA1DC-1393-4B6F-9ABD-1CF2D314554E}.Release|Any CPU.ActiveCfg = Release|Any CPU
		{5EFAA1DC-1393-4B6F-9ABD-1CF2D314554E}.Release|Any CPU.Build.0 = Release|Any CPU
		{5EFAA1DC-1393-4B6F-9ABD-1CF2D314554E}.Release|Mixed Platforms.ActiveCfg = Release|Any CPU
		{5EFAA1DC-1393-4B6F-9ABD-1CF2D314554E}.Release|Mixed Platforms.Build.0 = Release|Any CPU
		{5EFAA1DC-1393-4B6F-9ABD-1CF2D314554E}.Release|x86.ActiveCfg = Release|Any CPU
		{011D6B59-4A10-4E90-BDE9-E73A04CC4F9E}.Debug|Any CPU.ActiveCfg = Debug|x86
		{011D6B59-4A10-4E90-BDE9-E73A04CC4F9E}.Debug|Mixed Platforms.ActiveCfg = Debug|x86
		{011D6B59-4A10-4E90-BDE9-E73A04CC4F9E}.Debug|Mixed Platforms.Build.0 = Debug|x86
		{011D6B59-4A10-4E90-BDE9-E73A04CC4F9E}.Debug|x86.ActiveCfg = Debug|x86
		{011D6B59-4A10-4E90-BDE9-E73A04CC4F9E}.Debug|x86.Build.0 = Debug|x86
		{011D6B59-4A10-4E90-BDE9-E73A04CC4F9E}.Release|Any CPU.ActiveCfg = Release|x86
		{011D6B59-4A10-4E90-BDE9-E73A04CC4F9E}.Release|Mixed Platforms.ActiveCfg = Release|x86
		{011D6B59-4A10-4E90-BDE9-E73A04CC4F9E}.Release|Mixed Platforms.Build.0 = Release|x86
		{011D6B59-4A10-4E90-BDE9-E73A04CC4F9E}.Release|x86.ActiveCfg = Release|x86
		{011D6B59-4A10-4E90-BDE9-E73A04CC4F9E}.Release|x86.Build.0 = Release|x86
		{E8CED6CF-3455-4AB1-A3B2-1BEB3A7EB8E1}.Debug|Any CPU.ActiveCfg = Debug|Any CPU
		{E8CED6CF-3455-4AB1-A3B2-1BEB3A7EB8E1}.Debug|Any CPU.Build.0 = Debug|Any CPU
		{E8CED6CF-3455-4AB1-A3B2-1BEB3A7EB8E1}.Debug|Mixed Platforms.ActiveCfg = Debug|Any CPU
		{E8CED6CF-3455-4AB1-A3B2-1BEB3A7EB8E1}.Debug|Mixed Platforms.Build.0 = Debug|Any CPU
		{E8CED6CF-3455-4AB1-A3B2-1BEB3A7EB8E1}.Debug|x86.ActiveCfg = Debug|Any CPU
		{E8CED6CF-3455-4AB1-A3B2-1BEB3A7EB8E1}.Release|Any CPU.ActiveCfg = Release|Any CPU
		{E8CED6CF-3455-4AB1-A3B2-1BEB3A7EB8E1}.Release|Any CPU.Build.0 = Release|Any CPU
		{E8CED6CF-3455-4AB1-A3B2-1BEB3A7EB8E1}.Release|Mixed Platforms.ActiveCfg = Release|Any CPU
		{E8CED6CF-3455-4AB1-A3B2-1BEB3A7EB8E1}.Release|Mixed Platforms.Build.0 = Release|Any CPU
		{E8CED6CF-3455-4AB1-A3B2-1BEB3A7EB8E1}.Release|x86.ActiveCfg = Release|Any CPU
		{CC53C147-1A3A-47A5-A062-043F1448B689}.Debug|Any CPU.ActiveCfg = Debug|Any CPU
		{CC53C147-1A3A-47A5-A062-043F1448B689}.Debug|Any CPU.Build.0 = Debug|Any CPU
		{CC53C147-1A3A-47A5-A062-043F1448B689}.Debug|Mixed Platforms.ActiveCfg = Debug|Any CPU
		{CC53C147-1A3A-47A5-A062-043F1448B689}.Debug|Mixed Platforms.Build.0 = Debug|Any CPU
		{CC53C147-1A3A-47A5-A062-043F1448B689}.Debug|x86.ActiveCfg = Debug|Any CPU
		{CC53C147-1A3A-47A5-A062-043F1448B689}.Release|Any CPU.ActiveCfg = Release|Any CPU
		{CC53C147-1A3A-47A5-A062-043F1448B689}.Release|Any CPU.Build.0 = Release|Any CPU
		{CC53C147-1A3A-47A5-A062-043F1448B689}.Release|Mixed Platforms.ActiveCfg = Release|Any CPU
		{CC53C147-1A3A-47A5-A062-043F1448B689}.Release|Mixed Platforms.Build.0 = Release|Any CPU
		{CC53C147-1A3A-47A5-A062-043F1448B689}.Release|x86.ActiveCfg = Release|Any CPU
		{46CC5B3F-5B07-4EA5-AE99-8723647F35C6}.Debug|Any CPU.ActiveCfg = Debug|Any CPU
		{46CC5B3F-5B07-4EA5-AE99-8723647F35C6}.Debug|Any CPU.Build.0 = Debug|Any CPU
		{46CC5B3F-5B07-4EA5-AE99-8723647F35C6}.Debug|Mixed Platforms.ActiveCfg = Debug|Any CPU
		{46CC5B3F-5B07-4EA5-AE99-8723647F35C6}.Debug|Mixed Platforms.Build.0 = Debug|Any CPU
		{46CC5B3F-5B07-4EA5-AE99-8723647F35C6}.Debug|x86.ActiveCfg = Debug|Any CPU
		{46CC5B3F-5B07-4EA5-AE99-8723647F35C6}.Release|Any CPU.ActiveCfg = Release|Any CPU
		{46CC5B3F-5B07-4EA5-AE99-8723647F35C6}.Release|Any CPU.Build.0 = Release|Any CPU
		{46CC5B3F-5B07-4EA5-AE99-8723647F35C6}.Release|Mixed Platforms.ActiveCfg = Release|Any CPU
		{46CC5B3F-5B07-4EA5-AE99-8723647F35C6}.Release|Mixed Platforms.Build.0 = Release|Any CPU
		{46CC5B3F-5B07-4EA5-AE99-8723647F35C6}.Release|x86.ActiveCfg = Release|Any CPU
		{FFD8AD88-A8F6-4D5E-AB02-CEEDC66DA60D}.Debug|Any CPU.ActiveCfg = Debug|Any CPU
		{FFD8AD88-A8F6-4D5E-AB02-CEEDC66DA60D}.Debug|Any CPU.Build.0 = Debug|Any CPU
		{FFD8AD88-A8F6-4D5E-AB02-CEEDC66DA60D}.Debug|Mixed Platforms.ActiveCfg = Debug|Any CPU
		{FFD8AD88-A8F6-4D5E-AB02-CEEDC66DA60D}.Debug|Mixed Platforms.Build.0 = Debug|Any CPU
		{FFD8AD88-A8F6-4D5E-AB02-CEEDC66DA60D}.Debug|x86.ActiveCfg = Debug|Any CPU
		{FFD8AD88-A8F6-4D5E-AB02-CEEDC66DA60D}.Release|Any CPU.ActiveCfg = Release|Any CPU
		{FFD8AD88-A8F6-4D5E-AB02-CEEDC66DA60D}.Release|Any CPU.Build.0 = Release|Any CPU
		{FFD8AD88-A8F6-4D5E-AB02-CEEDC66DA60D}.Release|Mixed Platforms.ActiveCfg = Release|Any CPU
		{FFD8AD88-A8F6-4D5E-AB02-CEEDC66DA60D}.Release|Mixed Platforms.Build.0 = Release|Any CPU
		{FFD8AD88-A8F6-4D5E-AB02-CEEDC66DA60D}.Release|x86.ActiveCfg = Release|Any CPU
		{D40BE9C6-EA8B-4E11-97DD-C981EE2E73AA}.Debug|Any CPU.ActiveCfg = Debug|Any CPU
		{D40BE9C6-EA8B-4E11-97DD-C981EE2E73AA}.Debug|Any CPU.Build.0 = Debug|Any CPU
		{D40BE9C6-EA8B-4E11-97DD-C981EE2E73AA}.Debug|Mixed Platforms.ActiveCfg = Debug|Any CPU
		{D40BE9C6-EA8B-4E11-97DD-C981EE2E73AA}.Debug|Mixed Platforms.Build.0 = Debug|Any CPU
		{D40BE9C6-EA8B-4E11-97DD-C981EE2E73AA}.Debug|x86.ActiveCfg = Debug|Any CPU
		{D40BE9C6-EA8B-4E11-97DD-C981EE2E73AA}.Release|Any CPU.ActiveCfg = Release|Any CPU
		{D40BE9C6-EA8B-4E11-97DD-C981EE2E73AA}.Release|Any CPU.Build.0 = Release|Any CPU
		{D40BE9C6-EA8B-4E11-97DD-C981EE2E73AA}.Release|Mixed Platforms.ActiveCfg = Release|Any CPU
		{D40BE9C6-EA8B-4E11-97DD-C981EE2E73AA}.Release|Mixed Platforms.Build.0 = Release|Any CPU
		{D40BE9C6-EA8B-4E11-97DD-C981EE2E73AA}.Release|x86.ActiveCfg = Release|Any CPU
	EndGlobalSection
	GlobalSection(SolutionProperties) = preSolution
		HideSolutionNode = FALSE
	EndGlobalSection
	GlobalSection(NestedProjects) = preSolution
		{6A2A03A1-0249-4F33-9B35-319074387317} = {EC7FB37C-7D93-4A5C-84A6-099F7C47B879}
		{855DC18B-8927-4FA4-8296-C579BCECE0F7} = {EC7FB37C-7D93-4A5C-84A6-099F7C47B879}
		{B04F45AD-E0C1-461B-8AE9-C022952B9324} = {EC7FB37C-7D93-4A5C-84A6-099F7C47B879}
		{5B01518B-B08B-481A-91F0-0EE21154643B} = {EC7FB37C-7D93-4A5C-84A6-099F7C47B879}
		{8441BF9C-E5B3-42CD-BAE9-E69835AED91F} = {EC7FB37C-7D93-4A5C-84A6-099F7C47B879}
		{41DCA4A3-CDC0-482B-9438-87A499435A24} = {EC7FB37C-7D93-4A5C-84A6-099F7C47B879}
		{9A902BA1-44B6-44B5-8704-A608F280084B} = {EC7FB37C-7D93-4A5C-84A6-099F7C47B879}
		{3F10F16C-DDF5-4DBE-AC2C-D8C4F9DCFD76} = {EC7FB37C-7D93-4A5C-84A6-099F7C47B879}
		{BF3EACFE-B977-404C-BBBD-6A4B831F32B0} = {855DC18B-8927-4FA4-8296-C579BCECE0F7}
		{EF41CB0B-B23F-4929-9442-E30BBD3BC83A} = {855DC18B-8927-4FA4-8296-C579BCECE0F7}
		{8E8E2914-1953-459F-8F52-B9C907D66DF0} = {855DC18B-8927-4FA4-8296-C579BCECE0F7}
		{265CCD74-0C8A-42FC-B125-96071475E315} = {8441BF9C-E5B3-42CD-BAE9-E69835AED91F}
		{B2F14A10-4EA5-48B4-A650-6E32BEFB3C45} = {8441BF9C-E5B3-42CD-BAE9-E69835AED91F}
		{451EC549-9D6A-4286-9616-E99038377099} = {25DCF884-5924-491D-8FA8-8DB8311B37FC}
		{0512C845-A522-4BF8-BE03-9589DBE3BFEE} = {25DCF884-5924-491D-8FA8-8DB8311B37FC}
		{3E77F4FD-8F2F-4D68-A3F1-98C7962CD637} = {25DCF884-5924-491D-8FA8-8DB8311B37FC}
		{FAEF4612-0B5F-43BE-8D4D-49D5B5C2319D} = {25DCF884-5924-491D-8FA8-8DB8311B37FC}
		{6926D85C-399E-4873-AF80-9CD53CC23775} = {25DCF884-5924-491D-8FA8-8DB8311B37FC}
		{464E5897-E88C-4AA9-8B53-58F40D659158} = {337CB6B5-52E0-4F1C-A58A-7E726C4CB49D}
		{2E0F252F-FADA-4D3D-99B8-67742DD1365A} = {337CB6B5-52E0-4F1C-A58A-7E726C4CB49D}
		{6551ECA7-2245-4817-BD33-5134509A2799} = {337CB6B5-52E0-4F1C-A58A-7E726C4CB49D}
		{AA22C008-4F45-4F21-BDC3-E9EF90470681} = {337CB6B5-52E0-4F1C-A58A-7E726C4CB49D}
		{9B37D612-DFBF-4BDD-8AD4-CEA359C23EBA} = {337CB6B5-52E0-4F1C-A58A-7E726C4CB49D}
		{BD08037A-3713-41E9-92E1-B4032F844B0D} = {3E77F4FD-8F2F-4D68-A3F1-98C7962CD637}
		{1B82A4B1-35BB-4601-BA3F-3EBD590C5B21} = {FAEF4612-0B5F-43BE-8D4D-49D5B5C2319D}
		{91CA96F3-CC99-49F9-8A4A-AF24359DFB60} = {EE9CA01C-7C63-4797-B819-0CDE83F4ED4F}
		{D3716606-BF1D-4DBA-804A-6BFB9EBD35E7} = {EE9CA01C-7C63-4797-B819-0CDE83F4ED4F}
		{EB280066-F001-4655-9C80-AC026B6766C8} = {EE9CA01C-7C63-4797-B819-0CDE83F4ED4F}
		{5EFAA1DC-1393-4B6F-9ABD-1CF2D314554E} = {EE9CA01C-7C63-4797-B819-0CDE83F4ED4F}
		{011D6B59-4A10-4E90-BDE9-E73A04CC4F9E} = {EE9CA01C-7C63-4797-B819-0CDE83F4ED4F}
		{CC53C147-1A3A-47A5-A062-043F1448B689} = {EE9CA01C-7C63-4797-B819-0CDE83F4ED4F}
		{46CC5B3F-5B07-4EA5-AE99-8723647F35C6} = {91CA96F3-CC99-49F9-8A4A-AF24359DFB60}
		{5FFEDB00-77C6-4F2D-B32B-E653E75B89AE} = {D3716606-BF1D-4DBA-804A-6BFB9EBD35E7}
		{E8CED6CF-3455-4AB1-A3B2-1BEB3A7EB8E1} = {AA22C008-4F45-4F21-BDC3-E9EF90470681}
		{FFD8AD88-A8F6-4D5E-AB02-CEEDC66DA60D} = {AA22C008-4F45-4F21-BDC3-E9EF90470681}
		{D40BE9C6-EA8B-4E11-97DD-C981EE2E73AA} = {9B37D612-DFBF-4BDD-8AD4-CEA359C23EBA}
	EndGlobalSection
EndGlobal
